# THIS IS AN AUTOGENERATED FILE. DO NOT EDIT THIS FILE DIRECTLY.
# yarn lockfile v1


viewerjs@^1.11.6:
  version "1.11.6"
  resolved "https://registry.npmmirror.com/viewerjs/-/viewerjs-1.11.6.tgz#19a1e78c15eba5a9fbbf34ebc5ab312d6e8932ed"
  integrity sha512-TlhdSp2oEOLFXvEp4psKaeTjR5zBjTRcM/sHUN8PkV1UWuY8HKC8n7GaVdW5Xqnwdr/F1OmzLik1QwDjI4w/nw==
